
Microsoft Visual Studio Solution File, Format Version 12.00
# Visual Studio Version 17
VisualStudioVersion = 17.13.35931.197 d17.13
MinimumVisualStudioVersion = 10.0.40219.1
Project("{FAE04EC0-301F-11D3-BF4B-00C04F79EFBC}") = "Binary Converter", "Binary Converter\Binary Converter.csproj", "{EBD93D37-9C7C-4F42-9538-4427C87A9C8F}"
EndProject
Global
	GlobalSection(SolutionConfigurationPlatforms) = preSolution
		Debug|Any CPU = Debug|Any CPU
		Release|Any CPU = Release|Any CPU
	EndGlobalSection
	GlobalSection(ProjectConfigurationPlatforms) = postSolution
		{EBD93D37-9C7C-4F42-9538-4427C87A9C8F}.Debug|Any CPU.ActiveCfg = Debug|Any CPU
		{EBD93D37-9C7C-4F42-9538-4427C87A9C8F}.Debug|Any CPU.Build.0 = Debug|Any CPU
		{EBD93D37-9C7C-4F42-9538-4427C87A9C8F}.Release|Any CPU.ActiveCfg = Release|Any CPU
		{EBD93D37-9C7C-4F42-9538-4427C87A9C8F}.Release|Any CPU.Build.0 = Release|Any CPU
	EndGlobalSection
	GlobalSection(SolutionProperties) = preSolution
		HideSolutionNode = FALSE
	EndGlobalSection
	GlobalSection(ExtensibilityGlobals) = postSolution
		SolutionGuid = {FD88DF49-8F17-4189-ADBB-0A9F40DC84A9}
	EndGlobalSection
EndGlobal
